
Microsoft Visual Studio Solution File, Format Version 12.00
# Visual Studio Version 17
VisualStudioVersion = 17.10.35027.167
MinimumVisualStudioVersion = 10.0.40219.1
Project("{FAE04EC0-301F-11D3-BF4B-00C04F79EFBC}") = "MinimumAPI", "MinimumApi\MinimumAPI.csproj", "{AB927CA4-D40B-4344-A933-CAA45B6A77DE}"
EndProject
Global
	GlobalSection(SolutionConfigurationPlatforms) = preSolution
		Debug|Any CPU = Debug|Any CPU
		Release|Any CPU = Release|Any CPU
	EndGlobalSection
	GlobalSection(ProjectConfigurationPlatforms) = postSolution
		{AB927CA4-D40B-4344-A933-CAA45B6A77DE}.Debug|Any CPU.ActiveCfg = Debug|Any CPU
		{AB927CA4-D40B-4344-A933-CAA45B6A77DE}.Debug|Any CPU.Build.0 = Debug|Any CPU
		{AB927CA4-D40B-4344-A933-CAA45B6A77DE}.Release|Any CPU.ActiveCfg = Release|Any CPU
		{AB927CA4-D40B-4344-A933-CAA45B6A77DE}.Release|Any CPU.Build.0 = Release|Any CPU
	EndGlobalSection
	GlobalSection(SolutionProperties) = preSolution
		HideSolutionNode = FALSE
	EndGlobalSection
	GlobalSection(ExtensibilityGlobals) = postSolution
		SolutionGuid = {CA592C91-F2AA-4751-9240-D76C212A1D86}
	EndGlobalSection
EndGlobal
