
Microsoft Visual Studio Solution File, Format Version 12.00
# Visual Studio Version 17
VisualStudioVersion = 17.10.35027.167
MinimumVisualStudioVersion = 10.0.40219.1
Project("{FAE04EC0-301F-11D3-BF4B-00C04F79EFBC}") = "MyCoreWebAPI", "MyCoreWebAPI\MyCoreWebAPI.csproj", "{48060FE0-03A4-494A-B42E-52E2BA80D2F0}"
EndProject
Global
	GlobalSection(SolutionConfigurationPlatforms) = preSolution
		Debug|Any CPU = Debug|Any CPU
		Release|Any CPU = Release|Any CPU
	EndGlobalSection
	GlobalSection(ProjectConfigurationPlatforms) = postSolution
		{48060FE0-03A4-494A-B42E-52E2BA80D2F0}.Debug|Any CPU.ActiveCfg = Debug|Any CPU
		{48060FE0-03A4-494A-B42E-52E2BA80D2F0}.Debug|Any CPU.Build.0 = Debug|Any CPU
		{48060FE0-03A4-494A-B42E-52E2BA80D2F0}.Release|Any CPU.ActiveCfg = Release|Any CPU
		{48060FE0-03A4-494A-B42E-52E2BA80D2F0}.Release|Any CPU.Build.0 = Release|Any CPU
	EndGlobalSection
	GlobalSection(SolutionProperties) = preSolution
		HideSolutionNode = FALSE
	EndGlobalSection
	GlobalSection(ExtensibilityGlobals) = postSolution
		SolutionGuid = {9E20F5C8-FC1A-4635-B537-6E331FF532B8}
	EndGlobalSection
EndGlobal
