
Microsoft Visual Studio Solution File, Format Version 12.00
# Visual Studio Version 17
VisualStudioVersion = 17.10.35027.167
MinimumVisualStudioVersion = 10.0.40219.1
Project("{FAE04EC0-301F-11D3-BF4B-00C04F79EFBC}") = "onlineshop", "onlineshop\onlineshop.csproj", "{04EA14D2-64AD-4887-A12A-57D34A3F45C5}"
EndProject
Global
	GlobalSection(SolutionConfigurationPlatforms) = preSolution
		Debug|Any CPU = Debug|Any CPU
		Release|Any CPU = Release|Any CPU
	EndGlobalSection
	GlobalSection(ProjectConfigurationPlatforms) = postSolution
		{04EA14D2-64AD-4887-A12A-57D34A3F45C5}.Debug|Any CPU.ActiveCfg = Debug|Any CPU
		{04EA14D2-64AD-4887-A12A-57D34A3F45C5}.Debug|Any CPU.Build.0 = Debug|Any CPU
		{04EA14D2-64AD-4887-A12A-57D34A3F45C5}.Release|Any CPU.ActiveCfg = Release|Any CPU
		{04EA14D2-64AD-4887-A12A-57D34A3F45C5}.Release|Any CPU.Build.0 = Release|Any CPU
	EndGlobalSection
	GlobalSection(SolutionProperties) = preSolution
		HideSolutionNode = FALSE
	EndGlobalSection
	GlobalSection(ExtensibilityGlobals) = postSolution
		SolutionGuid = {FBAA4E03-D1F1-48B3-8A6F-4E43826795CE}
	EndGlobalSection
EndGlobal
